
Microsoft Visual Studio Solution File, Format Version 12.00
# Visual Studio Version 16
VisualStudioVersion = 16.0.29306.81
MinimumVisualStudioVersion = 10.0.40219.1
Project("{F2A71F9B-5D33-465A-A702-920D77279786}") = "MandatoryAssignment1", "MandatoryAssignment1\MandatoryAssignment1.fsproj", "{CEB21848-19B7-4CA2-B8FC-CB26F35C62CF}"
EndProject
Global
	GlobalSection(SolutionConfigurationPlatforms) = preSolution
		Debug|Any CPU = Debug|Any CPU
		Release|Any CPU = Release|Any CPU
	EndGlobalSection
	GlobalSection(ProjectConfigurationPlatforms) = postSolution
		{CEB21848-19B7-4CA2-B8FC-CB26F35C62CF}.Debug|Any CPU.ActiveCfg = Debug|Any CPU
		{CEB21848-19B7-4CA2-B8FC-CB26F35C62CF}.Debug|Any CPU.Build.0 = Debug|Any CPU
		{CEB21848-19B7-4CA2-B8FC-CB26F35C62CF}.Release|Any CPU.ActiveCfg = Release|Any CPU
		{CEB21848-19B7-4CA2-B8FC-CB26F35C62CF}.Release|Any CPU.Build.0 = Release|Any CPU
	EndGlobalSection
	GlobalSection(SolutionProperties) = preSolution
		HideSolutionNode = FALSE
	EndGlobalSection
	GlobalSection(ExtensibilityGlobals) = postSolution
		SolutionGuid = {13F529DF-CD81-488D-B4A8-C51FDF04E26F}
	EndGlobalSection
EndGlobal
