
Microsoft Visual Studio Solution File, Format Version 12.00
# Visual Studio Version 16
VisualStudioVersion = 16.0.29306.81
MinimumVisualStudioVersion = 10.0.40219.1
Project("{F2A71F9B-5D33-465A-A702-920D77279786}") = "MandatoryAssignment1", "MandatoryAssignment1\MandatoryAssignment1.fsproj", "{84685D1B-FE7C-439B-984D-784CFB045224}"
EndProject
Global
	GlobalSection(SolutionConfigurationPlatforms) = preSolution
		Debug|Any CPU = Debug|Any CPU
		Release|Any CPU = Release|Any CPU
	EndGlobalSection
	GlobalSection(ProjectConfigurationPlatforms) = postSolution
		{84685D1B-FE7C-439B-984D-784CFB045224}.Debug|Any CPU.ActiveCfg = Debug|Any CPU
		{84685D1B-FE7C-439B-984D-784CFB045224}.Debug|Any CPU.Build.0 = Debug|Any CPU
		{84685D1B-FE7C-439B-984D-784CFB045224}.Release|Any CPU.ActiveCfg = Release|Any CPU
		{84685D1B-FE7C-439B-984D-784CFB045224}.Release|Any CPU.Build.0 = Release|Any CPU
	EndGlobalSection
	GlobalSection(SolutionProperties) = preSolution
		HideSolutionNode = FALSE
	EndGlobalSection
	GlobalSection(ExtensibilityGlobals) = postSolution
		SolutionGuid = {204A93A9-DA76-4930-95A2-8F35317B2847}
	EndGlobalSection
EndGlobal
