
Microsoft Visual Studio Solution File, Format Version 12.00
# Visual Studio Version 16
VisualStudioVersion = 16.0.29306.81
MinimumVisualStudioVersion = 10.0.40219.1
Project("{F2A71F9B-5D33-465A-A702-920D77279786}") = "MandatoryAssignment2", "MandatoryAssignment2\MandatoryAssignment2.fsproj", "{AC122EBD-5F5F-4F97-B1AD-79C090C782B4}"
EndProject
Global
	GlobalSection(SolutionConfigurationPlatforms) = preSolution
		Debug|Any CPU = Debug|Any CPU
		Release|Any CPU = Release|Any CPU
	EndGlobalSection
	GlobalSection(ProjectConfigurationPlatforms) = postSolution
		{AC122EBD-5F5F-4F97-B1AD-79C090C782B4}.Debug|Any CPU.ActiveCfg = Debug|Any CPU
		{AC122EBD-5F5F-4F97-B1AD-79C090C782B4}.Debug|Any CPU.Build.0 = Debug|Any CPU
		{AC122EBD-5F5F-4F97-B1AD-79C090C782B4}.Release|Any CPU.ActiveCfg = Release|Any CPU
		{AC122EBD-5F5F-4F97-B1AD-79C090C782B4}.Release|Any CPU.Build.0 = Release|Any CPU
	EndGlobalSection
	GlobalSection(SolutionProperties) = preSolution
		HideSolutionNode = FALSE
	EndGlobalSection
	GlobalSection(ExtensibilityGlobals) = postSolution
		SolutionGuid = {6DC778C1-DD44-40CB-8498-273FE060D7B2}
	EndGlobalSection
EndGlobal
