
Microsoft Visual Studio Solution File, Format Version 12.00
# Visual Studio Version 16
VisualStudioVersion = 16.0.29306.81
MinimumVisualStudioVersion = 10.0.40219.1
Project("{F2A71F9B-5D33-465A-A702-920D77279786}") = "Week3", "Week3\Week3.fsproj", "{AA02FFA9-8204-422A-93CA-B8FCBCECFA86}"
EndProject
Global
	GlobalSection(SolutionConfigurationPlatforms) = preSolution
		Debug|Any CPU = Debug|Any CPU
		Release|Any CPU = Release|Any CPU
	EndGlobalSection
	GlobalSection(ProjectConfigurationPlatforms) = postSolution
		{AA02FFA9-8204-422A-93CA-B8FCBCECFA86}.Debug|Any CPU.ActiveCfg = Debug|Any CPU
		{AA02FFA9-8204-422A-93CA-B8FCBCECFA86}.Debug|Any CPU.Build.0 = Debug|Any CPU
		{AA02FFA9-8204-422A-93CA-B8FCBCECFA86}.Release|Any CPU.ActiveCfg = Release|Any CPU
		{AA02FFA9-8204-422A-93CA-B8FCBCECFA86}.Release|Any CPU.Build.0 = Release|Any CPU
	EndGlobalSection
	GlobalSection(SolutionProperties) = preSolution
		HideSolutionNode = FALSE
	EndGlobalSection
	GlobalSection(ExtensibilityGlobals) = postSolution
		SolutionGuid = {D7EE3A92-FCD2-4C54-9E98-0FC3C6A4AD58}
	EndGlobalSection
EndGlobal
